
Microsoft Visual Studio Solution File, Format Version 12.00
Project("{FAE04EC0-301F-11D3-BF4B-00C04F79EFBC}") = "Lab1", "Lab1\Lab1.csproj", "{3C115A78-D252-400D-9ED9-4A063B695CFF}"
EndProject
Project("{FAE04EC0-301F-11D3-BF4B-00C04F79EFBC}") = "Lab2", "Lab2\Lab2.csproj", "{9B14DD98-16BF-4244-98E2-FF4A3F430452}"
EndProject
Project("{FAE04EC0-301F-11D3-BF4B-00C04F79EFBC}") = "Lab3", "Lab3\Lab3.csproj", "{35A67D8C-1B15-45C2-BD72-F3B5F321BCC3}"
EndProject
Global
	GlobalSection(SolutionConfigurationPlatforms) = preSolution
		Debug|Any CPU = Debug|Any CPU
		Release|Any CPU = Release|Any CPU
	EndGlobalSection
	GlobalSection(ProjectConfigurationPlatforms) = postSolution
		{3C115A78-D252-400D-9ED9-4A063B695CFF}.Debug|Any CPU.ActiveCfg = Debug|Any CPU
		{3C115A78-D252-400D-9ED9-4A063B695CFF}.Debug|Any CPU.Build.0 = Debug|Any CPU
		{3C115A78-D252-400D-9ED9-4A063B695CFF}.Release|Any CPU.ActiveCfg = Release|Any CPU
		{3C115A78-D252-400D-9ED9-4A063B695CFF}.Release|Any CPU.Build.0 = Release|Any CPU
		{9B14DD98-16BF-4244-98E2-FF4A3F430452}.Debug|Any CPU.ActiveCfg = Debug|Any CPU
		{9B14DD98-16BF-4244-98E2-FF4A3F430452}.Debug|Any CPU.Build.0 = Debug|Any CPU
		{9B14DD98-16BF-4244-98E2-FF4A3F430452}.Release|Any CPU.ActiveCfg = Release|Any CPU
		{9B14DD98-16BF-4244-98E2-FF4A3F430452}.Release|Any CPU.Build.0 = Release|Any CPU
		{35A67D8C-1B15-45C2-BD72-F3B5F321BCC3}.Debug|Any CPU.ActiveCfg = Debug|Any CPU
		{35A67D8C-1B15-45C2-BD72-F3B5F321BCC3}.Debug|Any CPU.Build.0 = Debug|Any CPU
		{35A67D8C-1B15-45C2-BD72-F3B5F321BCC3}.Release|Any CPU.ActiveCfg = Release|Any CPU
		{35A67D8C-1B15-45C2-BD72-F3B5F321BCC3}.Release|Any CPU.Build.0 = Release|Any CPU
	EndGlobalSection
EndGlobal
